
Microsoft Visual Studio Solution File, Format Version 12.00
# Visual Studio Version 17
VisualStudioVersion = 17.11.35327.3
MinimumVisualStudioVersion = 10.0.40219.1
Project("{FAE04EC0-301F-11D3-BF4B-00C04F79EFBC}") = "DSCC.CW1.13626.FRONT", "DSCC.CW1.13626.FRONT\DSCC.CW1.13626.FRONT.csproj", "{A8C638AF-0E47-40F1-853D-ED00C595F19A}"
EndProject
Global
	GlobalSection(SolutionConfigurationPlatforms) = preSolution
		Debug|Any CPU = Debug|Any CPU
		Release|Any CPU = Release|Any CPU
	EndGlobalSection
	GlobalSection(ProjectConfigurationPlatforms) = postSolution
		{A8C638AF-0E47-40F1-853D-ED00C595F19A}.Debug|Any CPU.ActiveCfg = Debug|Any CPU
		{A8C638AF-0E47-40F1-853D-ED00C595F19A}.Debug|Any CPU.Build.0 = Debug|Any CPU
		{A8C638AF-0E47-40F1-853D-ED00C595F19A}.Release|Any CPU.ActiveCfg = Release|Any CPU
		{A8C638AF-0E47-40F1-853D-ED00C595F19A}.Release|Any CPU.Build.0 = Release|Any CPU
	EndGlobalSection
	GlobalSection(SolutionProperties) = preSolution
		HideSolutionNode = FALSE
	EndGlobalSection
	GlobalSection(ExtensibilityGlobals) = postSolution
		SolutionGuid = {F96A5A52-8D9D-420C-94BD-F055A1E0FC6C}
	EndGlobalSection
EndGlobal
